// !$*UTF8*$!
{
	archiveVersion = 1;
	classes = {
	};
	objectVersion = 51;
	objects = {

/* Begin PBXBuildFile section */
		1479A4F52398E73000913146 /* AppDelegate.swift in Sources */ = {isa = PBXBuildFile; fileRef = 1479A4F42398E73000913146 /* AppDelegate.swift */; };
		1479A4F72398E73000913146 /* SceneDelegate.swift in Sources */ = {isa = PBXBuildFile; fileRef = 1479A4F62398E73000913146 /* SceneDelegate.swift */; };
		1479A4FC2398E73000913146 /* Main.storyboard in Resources */ = {isa = PBXBuildFile; fileRef = 1479A4FA2398E73000913146 /* Main.storyboard */; };
		1479A4FF2398E73000913146 /* VirtualTourist.xcdatamodeld in Sources */ = {isa = PBXBuildFile; fileRef = 1479A4FD2398E73000913146 /* VirtualTourist.xcdatamodeld */; };
		1479A5012398E73400913146 /* Assets.xcassets in Resources */ = {isa = PBXBuildFile; fileRef = 1479A5002398E73400913146 /* Assets.xcassets */; };
		1479A5042398E73400913146 /* LaunchScreen.storyboard in Resources */ = {isa = PBXBuildFile; fileRef = 1479A5022398E73400913146 /* LaunchScreen.storyboard */; };
		1479A50F2398E8E900913146 /* MapViewController.swift in Sources */ = {isa = PBXBuildFile; fileRef = 1479A50E2398E8E900913146 /* MapViewController.swift */; };
		1479A5112398E90100913146 /* PhotoAlbumViewController.swift in Sources */ = {isa = PBXBuildFile; fileRef = 1479A5102398E90100913146 /* PhotoAlbumViewController.swift */; };
		14E581982398EC920070CA5B /* DataController.swift in Sources */ = {isa = PBXBuildFile; fileRef = 14E581972398EC920070CA5B /* DataController.swift */; };
		14E5819B2398EFB00070CA5B /* Identifier.swift in Sources */ = {isa = PBXBuildFile; fileRef = 14E5819A2398EFB00070CA5B /* Identifier.swift */; };
		14E5819D2398EFBC0070CA5B /* ShowAlert.swift in Sources */ = {isa = PBXBuildFile; fileRef = 14E5819C2398EFBC0070CA5B /* ShowAlert.swift */; };
		14E5819F2398F3B00070CA5B /* PhotoAlbumViewCell.swift in Sources */ = {isa = PBXBuildFile; fileRef = 14E5819E2398F3B00070CA5B /* PhotoAlbumViewCell.swift */; };
		14E581A22398F8660070CA5B /* Photo+Extensions.swift in Sources */ = {isa = PBXBuildFile; fileRef = 14E581A12398F8660070CA5B /* Photo+Extensions.swift */; };
		14E581A42398FFC80070CA5B /* API.swift in Sources */ = {isa = PBXBuildFile; fileRef = 14E581A32398FFC80070CA5B /* API.swift */; };
		B5F360E355C977EA183E719F /* Pods_VirtualTourist.framework in Frameworks */ = {isa = PBXBuildFile; fileRef = 8830A379D3AAC0429DC2383C /* Pods_VirtualTourist.framework */; };
/* End PBXBuildFile section */

/* Begin PBXFileReference section */
		1479A4F12398E73000913146 /* VirtualTourist.app */ = {isa = PBXFileReference; explicitFileType = wrapper.application; includeInIndex = 0; path = VirtualTourist.app; sourceTree = BUILT_PRODUCTS_DIR; };
		1479A4F42398E73000913146 /* AppDelegate.swift */ = {isa = PBXFileReference; lastKnownFileType = sourcecode.swift; path = AppDelegate.swift; sourceTree = "<group>"; };
		1479A4F62398E73000913146 /* SceneDelegate.swift */ = {isa = PBXFileReference; lastKnownFileType = sourcecode.swift; path = SceneDelegate.swift; sourceTree = "<group>"; };
		1479A4FB2398E73000913146 /* Base */ = {isa = PBXFileReference; lastKnownFileType = file.storyboard; name = Base; path = Base.lproj/Main.storyboard; sourceTree = "<group>"; };
		1479A4FE2398E73000913146 /* VirtualTourist.xcdatamodel */ = {isa = PBXFileReference; lastKnownFileType = wrapper.xcdatamodel; path = VirtualTourist.xcdatamodel; sourceTree = "<group>"; };
		1479A5002398E73400913146 /* Assets.xcassets */ = {isa = PBXFileReference; lastKnownFileType = folder.assetcatalog; path = Assets.xcassets; sourceTree = "<group>"; };
		1479A5032398E73400913146 /* Base */ = {isa = PBXFileReference; lastKnownFileType = file.storyboard; name = Base; path = Base.lproj/LaunchScreen.storyboard; sourceTree = "<group>"; };
		1479A5052398E73400913146 /* Info.plist */ = {isa = PBXFileReference; lastKnownFileType = text.plist.xml; path = Info.plist; sourceTree = "<group>"; };
		1479A50E2398E8E900913146 /* MapViewController.swift */ = {isa = PBXFileReference; lastKnownFileType = sourcecode.swift; path = MapViewController.swift; sourceTree = "<group>"; };
		1479A5102398E90100913146 /* PhotoAlbumViewController.swift */ = {isa = PBXFileReference; lastKnownFileType = sourcecode.swift; path = PhotoAlbumViewController.swift; sourceTree = "<group>"; };
		14E581972398EC920070CA5B /* DataController.swift */ = {isa = PBXFileReference; lastKnownFileType = sourcecode.swift; path = DataController.swift; sourceTree = "<group>"; };
		14E5819A2398EFB00070CA5B /* Identifier.swift */ = {isa = PBXFileReference; lastKnownFileType = sourcecode.swift; path = Identifier.swift; sourceTree = "<group>"; };
		14E5819C2398EFBC0070CA5B /* ShowAlert.swift */ = {isa = PBXFileReference; lastKnownFileType = sourcecode.swift; path = ShowAlert.swift; sourceTree = "<group>"; };
		14E5819E2398F3B00070CA5B /* PhotoAlbumViewCell.swift */ = {isa = PBXFileReference; lastKnownFileType = sourcecode.swift; path = PhotoAlbumViewCell.swift; sourceTree = "<group>"; };
		14E581A12398F8660070CA5B /* Photo+Extensions.swift */ = {isa = PBXFileReference; lastKnownFileType = sourcecode.swift; path = "Photo+Extensions.swift"; sourceTree = "<group>"; };
		14E581A32398FFC80070CA5B /* API.swift */ = {isa = PBXFileReference; lastKnownFileType = sourcecode.swift; path = API.swift; sourceTree = "<group>"; };
		8830A379D3AAC0429DC2383C /* Pods_VirtualTourist.framework */ = {isa = PBXFileReference; explicitFileType = wrapper.framework; includeInIndex = 0; path = Pods_VirtualTourist.framework; sourceTree = BUILT_PRODUCTS_DIR; };
		ABC8B7396DBAAA6F05BA502D /* Pods-VirtualTourist.debug.xcconfig */ = {isa = PBXFileReference; includeInIndex = 1; lastKnownFileType = text.xcconfig; name = "Pods-VirtualTourist.debug.xcconfig"; path = "Target Support Files/Pods-VirtualTourist/Pods-VirtualTourist.debug.xcconfig"; sourceTree = "<group>"; };
		F992F14FB177747A545EE7D8 /* Pods-VirtualTourist.release.xcconfig */ = {isa = PBXFileReference; includeInIndex = 1; lastKnownFileType = text.xcconfig; name = "Pods-VirtualTourist.release.xcconfig"; path = "Target Support Files/Pods-VirtualTourist/Pods-VirtualTourist.release.xcconfig"; sourceTree = "<group>"; };
/* End PBXFileReference section */

/* Begin PBXFrameworksBuildPhase section */
		1479A4EE2398E73000913146 /* Frameworks */ = {
			isa = PBXFrameworksBuildPhase;
			buildActionMask = 2147483647;
			files = (
				B5F360E355C977EA183E719F /* Pods_VirtualTourist.framework in Frameworks */,
			);
			runOnlyForDeploymentPostprocessing = 0;
		};
/* End PBXFrameworksBuildPhase section */

/* Begin PBXGroup section */
		1479A4E82398E73000913146 = {
			isa = PBXGroup;
			children = (
				1479A4F32398E73000913146 /* VirtualTourist */,
				1479A4F22398E73000913146 /* Products */,
				205CEE51D0D8AB6B0CC4EB5E /* Pods */,
				61693578720D8E4BF22F5AD8 /* Frameworks */,
			);
			sourceTree = "<group>";
		};
		1479A4F22398E73000913146 /* Products */ = {
			isa = PBXGroup;
			children = (
				1479A4F12398E73000913146 /* VirtualTourist.app */,
			);
			name = Products;
			sourceTree = "<group>";
		};
		1479A4F32398E73000913146 /* VirtualTourist */ = {
			isa = PBXGroup;
			children = (
				14E581992398EFA00070CA5B /* Utilities */,
				1479A50D2398E8C400913146 /* Model */,
				1479A50C2398E8BC00913146 /* Controller */,
				1479A50B2398E8B400913146 /* View */,
				1479A4F42398E73000913146 /* AppDelegate.swift */,
				1479A4F62398E73000913146 /* SceneDelegate.swift */,
				1479A4FA2398E73000913146 /* Main.storyboard */,
				1479A5002398E73400913146 /* Assets.xcassets */,
				1479A5022398E73400913146 /* LaunchScreen.storyboard */,
				1479A5052398E73400913146 /* Info.plist */,
			);
			path = VirtualTourist;
			sourceTree = "<group>";
		};
		1479A50B2398E8B400913146 /* View */ = {
			isa = PBXGroup;
			children = (
				14E5819E2398F3B00070CA5B /* PhotoAlbumViewCell.swift */,
			);
			path = View;
			sourceTree = "<group>";
		};
		1479A50C2398E8BC00913146 /* Controller */ = {
			isa = PBXGroup;
			children = (
				1479A50E2398E8E900913146 /* MapViewController.swift */,
				1479A5102398E90100913146 /* PhotoAlbumViewController.swift */,
			);
			path = Controller;
			sourceTree = "<group>";
		};
		1479A50D2398E8C400913146 /* Model */ = {
			isa = PBXGroup;
			children = (
				14E581A02398F8570070CA5B /* Managed Object Extensions */,
				1479A4FD2398E73000913146 /* VirtualTourist.xcdatamodeld */,
				14E581972398EC920070CA5B /* DataController.swift */,
			);
			path = Model;
			sourceTree = "<group>";
		};
		14E581992398EFA00070CA5B /* Utilities */ = {
			isa = PBXGroup;
			children = (
				14E5819A2398EFB00070CA5B /* Identifier.swift */,
				14E5819C2398EFBC0070CA5B /* ShowAlert.swift */,
				14E581A32398FFC80070CA5B /* API.swift */,
			);
			path = Utilities;
			sourceTree = "<group>";
		};
		14E581A02398F8570070CA5B /* Managed Object Extensions */ = {
			isa = PBXGroup;
			children = (
				14E581A12398F8660070CA5B /* Photo+Extensions.swift */,
			);
			path = "Managed Object Extensions";
			sourceTree = "<group>";
		};
		205CEE51D0D8AB6B0CC4EB5E /* Pods */ = {
			isa = PBXGroup;
			children = (
				ABC8B7396DBAAA6F05BA502D /* Pods-VirtualTourist.debug.xcconfig */,
				F992F14FB177747A545EE7D8 /* Pods-VirtualTourist.release.xcconfig */,
			);
			path = Pods;
			sourceTree = "<group>";
		};
		61693578720D8E4BF22F5AD8 /* Frameworks */ = {
			isa = PBXGroup;
			children = (
				8830A379D3AAC0429DC2383C /* Pods_VirtualTourist.framework */,
			);
			name = Frameworks;
			sourceTree = "<group>";
		};
/* End PBXGroup section */

/* Begin PBXNativeTarget section */
		1479A4F02398E73000913146 /* VirtualTourist */ = {
			isa = PBXNativeTarget;
			buildConfigurationList = 1479A5082398E73400913146 /* Build configuration list for PBXNativeTarget "VirtualTourist" */;
			buildPhases = (
				2186D4F7C5E656E67193324E /* [CP] Check Pods Manifest.lock */,
				1479A4ED2398E73000913146 /* Sources */,
				1479A4EE2398E73000913146 /* Frameworks */,
				1479A4EF2398E73000913146 /* Resources */,
				DC6AEF243C9587BF4C3A00E7 /* [CP] Embed Pods Frameworks */,
			);
			buildRules = (
			);
			dependencies = (
			);
			name = VirtualTourist;
			productName = VirtualTourist;
			productReference = 1479A4F12398E73000913146 /* VirtualTourist.app */;
			productType = "com.apple.product-type.application";
		};
/* End PBXNativeTarget section */

/* Begin PBXProject section */
		1479A4E92398E73000913146 /* Project object */ = {
			isa = PBXProject;
			attributes = {
				LastSwiftUpdateCheck = 1120;
				LastUpgradeCheck = 1120;
				ORGANIZATIONNAME = "Faisal Babkoor";
				TargetAttributes = {
					1479A4F02398E73000913146 = {
						CreatedOnToolsVersion = 11.2.1;
					};
				};
			};
			buildConfigurationList = 1479A4EC2398E73000913146 /* Build configuration list for PBXProject "VirtualTourist" */;
			compatibilityVersion = "Xcode 9.3";
			developmentRegion = en;
			hasScannedForEncodings = 0;
			knownRegions = (
				en,
				Base,
			);
			mainGroup = 1479A4E82398E73000913146;
			productRefGroup = 1479A4F22398E73000913146 /* Products */;
			projectDirPath = "";
			projectRoot = "";
			targets = (
				1479A4F02398E73000913146 /* VirtualTourist */,
			);
		};
/* End PBXProject section */

/* Begin PBXResourcesBuildPhase section */
		1479A4EF2398E73000913146 /* Resources */ = {
			isa = PBXResourcesBuildPhase;
			buildActionMask = 2147483647;
			files = (
				1479A5042398E73400913146 /* LaunchScreen.storyboard in Resources */,
				1479A5012398E73400913146 /* Assets.xcassets in Resources */,
				1479A4FC2398E73000913146 /* Main.storyboard in Resources */,
			);
			runOnlyForDeploymentPostprocessing = 0;
		};
/* End PBXResourcesBuildPhase section */

/* Begin PBXShellScriptBuildPhase section */
		2186D4F7C5E656E67193324E /* [CP] Check Pods Manifest.lock */ = {
			isa = PBXShellScriptBuildPhase;
			buildActionMask = 2147483647;
			files = (
			);
			inputFileListPaths = (
			);
			inputPaths = (
				"${PODS_PODFILE_DIR_PATH}/Podfile.lock",
				"${PODS_ROOT}/Manifest.lock",
			);
			name = "[CP] Check Pods Manifest.lock";
			outputFileListPaths = (
			);
			outputPaths = (
				"$(DERIVED_FILE_DIR)/Pods-VirtualTourist-checkManifestLockResult.txt",
			);
			runOnlyForDeploymentPostprocessing = 0;
			shellPath = /bin/sh;
			shellScript = "diff \"${PODS_PODFILE_DIR_PATH}/Podfile.lock\" \"${PODS_ROOT}/Manifest.lock\" > /dev/null\nif [ $? != 0 ] ; then\n    # print error to STDERR\n    echo \"error: The sandbox is not in sync with the Podfile.lock. Run 'pod install' or update your CocoaPods installation.\" >&2\n    exit 1\nfi\n# This output is used by Xcode 'outputs' to avoid re-running this script phase.\necho \"SUCCESS\" > \"${SCRIPT_OUTPUT_FILE_0}\"\n";
			showEnvVarsInLog = 0;
		};
		DC6AEF243C9587BF4C3A00E7 /* [CP] Embed Pods Frameworks */ = {
			isa = PBXShellScriptBuildPhase;
			buildActionMask = 2147483647;
			files = (
			);
			inputFileListPaths = (
				"${PODS_ROOT}/Target Support Files/Pods-VirtualTourist/Pods-VirtualTourist-frameworks-${CONFIGURATION}-input-files.xcfilelist",
			);
			name = "[CP] Embed Pods Frameworks";
			outputFileListPaths = (
				"${PODS_ROOT}/Target Support Files/Pods-VirtualTourist/Pods-VirtualTourist-frameworks-${CONFIGURATION}-output-files.xcfilelist",
			);
			runOnlyForDeploymentPostprocessing = 0;
			shellPath = /bin/sh;
			shellScript = "\"${PODS_ROOT}/Target Support Files/Pods-VirtualTourist/Pods-VirtualTourist-frameworks.sh\"\n";
			showEnvVarsInLog = 0;
		};
/* End PBXShellScriptBuildPhase section */

/* Begin PBXSourcesBuildPhase section */
		1479A4ED2398E73000913146 /* Sources */ = {
			isa = PBXSourcesBuildPhase;
			buildActionMask = 2147483647;
			files = (
				14E581A42398FFC80070CA5B /* API.swift in Sources */,
				1479A4FF2398E73000913146 /* VirtualTourist.xcdatamodeld in Sources */,
				14E5819F2398F3B00070CA5B /* PhotoAlbumViewCell.swift in Sources */,
				14E581982398EC920070CA5B /* DataController.swift in Sources */,
				1479A4F52398E73000913146 /* AppDelegate.swift in Sources */,
				14E5819D2398EFBC0070CA5B /* ShowAlert.swift in Sources */,
				14E5819B2398EFB00070CA5B /* Identifier.swift in Sources */,
				1479A4F72398E73000913146 /* SceneDelegate.swift in Sources */,
				1479A5112398E90100913146 /* PhotoAlbumViewController.swift in Sources */,
				14E581A22398F8660070CA5B /* Photo+Extensions.swift in Sources */,
				1479A50F2398E8E900913146 /* MapViewController.swift in Sources */,
			);
			runOnlyForDeploymentPostprocessing = 0;
		};
/* End PBXSourcesBuildPhase section */

/* Begin PBXVariantGroup section */
		1479A4FA2398E73000913146 /* Main.storyboard */ = {
			isa = PBXVariantGroup;
			children = (
				1479A4FB2398E73000913146 /* Base */,
			);
			name = Main.storyboard;
			sourceTree = "<group>";
		};
		1479A5022398E73400913146 /* LaunchScreen.storyboard */ = {
			isa = PBXVariantGroup;
			children = (
				1479A5032398E73400913146 /* Base */,
			);
			name = LaunchScreen.storyboard;
			sourceTree = "<group>";
		};
/* End PBXVariantGroup section */

/* Begin XCBuildConfiguration section */
		1479A5062398E73400913146 /* Debug */ = {
			isa = XCBuildConfiguration;
			buildSettings = {
				ALWAYS_SEARCH_USER_PATHS = NO;
				CLANG_ANALYZER_NONNULL = YES;
				CLANG_ANALYZER_NUMBER_OBJECT_CONVERSION = YES_AGGRESSIVE;
				CLANG_CXX_LANGUAGE_STANDARD = "gnu++14";
				CLANG_CXX_LIBRARY = "libc++";
				CLANG_ENABLE_MODULES = YES;
				CLANG_ENABLE_OBJC_ARC = YES;
				CLANG_ENABLE_OBJC_WEAK = YES;
				CLANG_WARN_BLOCK_CAPTURE_AUTORELEASING = YES;
				CLANG_WARN_BOOL_CONVERSION = YES;
				CLANG_WARN_COMMA = YES;
				CLANG_WARN_CONSTANT_CONVERSION = YES;
				CLANG_WARN_DEPRECATED_OBJC_IMPLEMENTATIONS = YES;
				CLANG_WARN_DIRECT_OBJC_ISA_USAGE = YES_ERROR;
				CLANG_WARN_DOCUMENTATION_COMMENTS = YES;
				CLANG_WARN_EMPTY_BODY = YES;
				CLANG_WARN_ENUM_CONVERSION = YES;
				CLANG_WARN_INFINITE_RECURSION = YES;
				CLANG_WARN_INT_CONVERSION = YES;
				CLANG_WARN_NON_LITERAL_NULL_CONVERSION = YES;
				CLANG_WARN_OBJC_IMPLICIT_RETAIN_SELF = YES;
				CLANG_WARN_OBJC_LITERAL_CONVERSION = YES;
				CLANG_WARN_OBJC_ROOT_CLASS = YES_ERROR;
				CLANG_WARN_RANGE_LOOP_ANALYSIS = YES;
				CLANG_WARN_STRICT_PROTOTYPES = YES;
				CLANG_WARN_SUSPICIOUS_MOVE = YES;
				CLANG_WARN_UNGUARDED_AVAILABILITY = YES_AGGRESSIVE;
				CLANG_WARN_UNREACHABLE_CODE = YES;
				CLANG_WARN__DUPLICATE_METHOD_MATCH = YES;
				COPY_PHASE_STRIP = NO;
				DEBUG_INFORMATION_FORMAT = dwarf;
				ENABLE_STRICT_OBJC_MSGSEND = YES;
				ENABLE_TESTABILITY = YES;
				GCC_C_LANGUAGE_STANDARD = gnu11;
				GCC_DYNAMIC_NO_PIC = NO;
				GCC_NO_COMMON_BLOCKS = YES;
				GCC_OPTIMIZATION_LEVEL = 0;
				GCC_PREPROCESSOR_DEFINITIONS = (
					"DEBUG=1",
					"$(inherited)",
				);
				GCC_WARN_64_TO_32_BIT_CONVERSION = YES;
				GCC_WARN_ABOUT_RETURN_TYPE = YES_ERROR;
				GCC_WARN_UNDECLARED_SELECTOR = YES;
				GCC_WARN_UNINITIALIZED_AUTOS = YES_AGGRESSIVE;
				GCC_WARN_UNUSED_FUNCTION = YES;
				GCC_WARN_UNUSED_VARIABLE = YES;
				IPHONEOS_DEPLOYMENT_TARGET = 13.2;
				MTL_ENABLE_DEBUG_INFO = INCLUDE_SOURCE;
				MTL_FAST_MATH = YES;
				ONLY_ACTIVE_ARCH = YES;
				SDKROOT = iphoneos;
				SWIFT_ACTIVE_COMPILATION_CONDITIONS = DEBUG;
				SWIFT_OPTIMIZATION_LEVEL = "-Onone";
			};
			name = Debug;
		};
		1479A5072398E73400913146 /* Release */ = {
			isa = XCBuildConfiguration;
			buildSettings = {
				ALWAYS_SEARCH_USER_PATHS = NO;
				CLANG_ANALYZER_NONNULL = YES;
				CLANG_ANALYZER_NUMBER_OBJECT_CONVERSION = YES_AGGRESSIVE;
				CLANG_CXX_LANGUAGE_STANDARD = "gnu++14";
				CLANG_CXX_LIBRARY = "libc++";
				CLANG_ENABLE_MODULES = YES;
				CLANG_ENABLE_OBJC_ARC = YES;
				CLANG_ENABLE_OBJC_WEAK = YES;
				CLANG_WARN_BLOCK_CAPTURE_AUTORELEASING = YES;
				CLANG_WARN_BOOL_CONVERSION = YES;
				CLANG_WARN_COMMA = YES;
				CLANG_WARN_CONSTANT_CONVERSION = YES;
				CLANG_WARN_DEPRECATED_OBJC_IMPLEMENTATIONS = YES;
				CLANG_WARN_DIRECT_OBJC_ISA_USAGE = YES_ERROR;
				CLANG_WARN_DOCUMENTATION_COMMENTS = YES;
				CLANG_WARN_EMPTY_BODY = YES;
				CLANG_WARN_ENUM_CONVERSION = YES;
				CLANG_WARN_INFINITE_RECURSION = YES;
				CLANG_WARN_INT_CONVERSION = YES;
				CLANG_WARN_NON_LITERAL_NULL_CONVERSION = YES;
				CLANG_WARN_OBJC_IMPLICIT_RETAIN_SELF = YES;
				CLANG_WARN_OBJC_LITERAL_CONVERSION = YES;
				CLANG_WARN_OBJC_ROOT_CLASS = YES_ERROR;
				CLANG_WARN_RANGE_LOOP_ANALYSIS = YES;
				CLANG_WARN_STRICT_PROTOTYPES = YES;
				CLANG_WARN_SUSPICIOUS_MOVE = YES;
				CLANG_WARN_UNGUARDED_AVAILABILITY = YES_AGGRESSIVE;
				CLANG_WARN_UNREACHABLE_CODE = YES;
				CLANG_WARN__DUPLICATE_METHOD_MATCH = YES;
				COPY_PHASE_STRIP = NO;
				DEBUG_INFORMATION_FORMAT = "dwarf-with-dsym";
				ENABLE_NS_ASSERTIONS = NO;
				ENABLE_STRICT_OBJC_MSGSEND = YES;
				GCC_C_LANGUAGE_STANDARD = gnu11;
				GCC_NO_COMMON_BLOCKS = YES;
				GCC_WARN_64_TO_32_BIT_CONVERSION = YES;
				GCC_WARN_ABOUT_RETURN_TYPE = YES_ERROR;
				GCC_WARN_UNDECLARED_SELECTOR = YES;
				GCC_WARN_UNINITIALIZED_AUTOS = YES_AGGRESSIVE;
				GCC_WARN_UNUSED_FUNCTION = YES;
				GCC_WARN_UNUSED_VARIABLE = YES;
				IPHONEOS_DEPLOYMENT_TARGET = 13.2;
				MTL_ENABLE_DEBUG_INFO = NO;
				MTL_FAST_MATH = YES;
				SDKROOT = iphoneos;
				SWIFT_COMPILATION_MODE = wholemodule;
				SWIFT_OPTIMIZATION_LEVEL = "-O";
				VALIDATE_PRODUCT = YES;
			};
			name = Release;
		};
		1479A5092398E73400913146 /* Debug */ = {
			isa = XCBuildConfiguration;
			baseConfigurationReference = ABC8B7396DBAAA6F05BA502D /* Pods-VirtualTourist.debug.xcconfig */;
			buildSettings = {
				ASSETCATALOG_COMPILER_APPICON_NAME = AppIcon;
				CODE_SIGN_STYLE = Automatic;
				DEVELOPMENT_TEAM = 99D7PQF846;
				INFOPLIST_FILE = VirtualTourist/Info.plist;
				LD_RUNPATH_SEARCH_PATHS = (
					"$(inherited)",
					"@executable_path/Frameworks",
				);
				PRODUCT_BUNDLE_IDENTIFIER = com.babkoor.faisal.VirtualTourist;
				PRODUCT_NAME = "$(TARGET_NAME)";
				SWIFT_VERSION = 5.0;
				TARGETED_DEVICE_FAMILY = "1,2";
			};
			name = Debug;
		};
		1479A50A2398E73400913146 /* Release */ = {
			isa = XCBuildConfiguration;
			baseConfigurationReference = F992F14FB177747A545EE7D8 /* Pods-VirtualTourist.release.xcconfig */;
			buildSettings = {
				ASSETCATALOG_COMPILER_APPICON_NAME = AppIcon;
				CODE_SIGN_STYLE = Automatic;
				DEVELOPMENT_TEAM = 99D7PQF846;
				INFOPLIST_FILE = VirtualTourist/Info.plist;
				LD_RUNPATH_SEARCH_PATHS = (
					"$(inherited)",
					"@executable_path/Frameworks",
				);
				PRODUCT_BUNDLE_IDENTIFIER = com.babkoor.faisal.VirtualTourist;
				PRODUCT_NAME = "$(TARGET_NAME)";
				SWIFT_VERSION = 5.0;
				TARGETED_DEVICE_FAMILY = "1,2";
			};
			name = Release;
		};
/* End XCBuildConfiguration section */

/* Begin XCConfigurationList section */
		1479A4EC2398E73000913146 /* Build configuration list for PBXProject "VirtualTourist" */ = {
			isa = XCConfigurationList;
			buildConfigurations = (
				1479A5062398E73400913146 /* Debug */,
				1479A5072398E73400913146 /* Release */,
			);
			defaultConfigurationIsVisible = 0;
			defaultConfigurationName = Release;
		};
		1479A5082398E73400913146 /* Build configuration list for PBXNativeTarget "VirtualTourist" */ = {
			isa = XCConfigurationList;
			buildConfigurations = (
				1479A5092398E73400913146 /* Debug */,
				1479A50A2398E73400913146 /* Release */,
			);
			defaultConfigurationIsVisible = 0;
			defaultConfigurationName = Release;
		};
/* End XCConfigurationList section */

/* Begin XCVersionGroup section */
		1479A4FD2398E73000913146 /* VirtualTourist.xcdatamodeld */ = {
			isa = XCVersionGroup;
			children = (
				1479A4FE2398E73000913146 /* VirtualTourist.xcdatamodel */,
			);
			currentVersion = 1479A4FE2398E73000913146 /* VirtualTourist.xcdatamodel */;
			path = VirtualTourist.xcdatamodeld;
			sourceTree = "<group>";
			versionGroupType = wrapper.xcdatamodel;
		};
/* End XCVersionGroup section */
	};
	rootObject = 1479A4E92398E73000913146 /* Project object */;
}
